
Microsoft Visual Studio Solution File, Format Version 12.00
# Visual Studio Version 16
VisualStudioVersion = 16.0.31019.35
MinimumVisualStudioVersion = 10.0.40219.1
Project("{FAE04EC0-301F-11D3-BF4B-00C04F79EFBC}") = "Ex03.GarageLogic", "Ex03.GarageLogic\Ex03.GarageLogic.csproj", "{D0F07625-B357-4D8E-BEA5-D29235F1A211}"
EndProject
Project("{FAE04EC0-301F-11D3-BF4B-00C04F79EFBC}") = "Ex03.ConsoleUI", "Ex03.ConsoleUI\Ex03.ConsoleUI.csproj", "{9D6DE508-D2DF-4360-AB07-77BCB09CB3DB}"
EndProject
Global
	GlobalSection(SolutionConfigurationPlatforms) = preSolution
		Debug|Any CPU = Debug|Any CPU
		Release|Any CPU = Release|Any CPU
	EndGlobalSection
	GlobalSection(ProjectConfigurationPlatforms) = postSolution
		{D0F07625-B357-4D8E-BEA5-D29235F1A211}.Debug|Any CPU.ActiveCfg = Debug|Any CPU
		{D0F07625-B357-4D8E-BEA5-D29235F1A211}.Debug|Any CPU.Build.0 = Debug|Any CPU
		{D0F07625-B357-4D8E-BEA5-D29235F1A211}.Release|Any CPU.ActiveCfg = Release|Any CPU
		{D0F07625-B357-4D8E-BEA5-D29235F1A211}.Release|Any CPU.Build.0 = Release|Any CPU
		{9D6DE508-D2DF-4360-AB07-77BCB09CB3DB}.Debug|Any CPU.ActiveCfg = Debug|Any CPU
		{9D6DE508-D2DF-4360-AB07-77BCB09CB3DB}.Debug|Any CPU.Build.0 = Debug|Any CPU
		{9D6DE508-D2DF-4360-AB07-77BCB09CB3DB}.Release|Any CPU.ActiveCfg = Release|Any CPU
		{9D6DE508-D2DF-4360-AB07-77BCB09CB3DB}.Release|Any CPU.Build.0 = Release|Any CPU
	EndGlobalSection
	GlobalSection(SolutionProperties) = preSolution
		HideSolutionNode = FALSE
	EndGlobalSection
	GlobalSection(ExtensibilityGlobals) = postSolution
		SolutionGuid = {106F93C0-1452-46A3-92D4-869522D1CDA9}
	EndGlobalSection
EndGlobal
